
Microsoft Visual Studio Solution File, Format Version 12.00
# Visual Studio Version 17
VisualStudioVersion = 17.8.34316.72
MinimumVisualStudioVersion = 10.0.40219.1
Project("{FAE04EC0-301F-11D3-BF4B-00C04F79EFBC}") = "tabang lord", "tabang lord\tabang lord.csproj", "{341D822B-3F78-4F5E-A9F7-562ABDB004C9}"
EndProject
Global
	GlobalSection(SolutionConfigurationPlatforms) = preSolution
		Debug|Any CPU = Debug|Any CPU
		Release|Any CPU = Release|Any CPU
	EndGlobalSection
	GlobalSection(ProjectConfigurationPlatforms) = postSolution
		{341D822B-3F78-4F5E-A9F7-562ABDB004C9}.Debug|Any CPU.ActiveCfg = Debug|Any CPU
		{341D822B-3F78-4F5E-A9F7-562ABDB004C9}.Debug|Any CPU.Build.0 = Debug|Any CPU
		{341D822B-3F78-4F5E-A9F7-562ABDB004C9}.Release|Any CPU.ActiveCfg = Release|Any CPU
		{341D822B-3F78-4F5E-A9F7-562ABDB004C9}.Release|Any CPU.Build.0 = Release|Any CPU
	EndGlobalSection
	GlobalSection(SolutionProperties) = preSolution
		HideSolutionNode = FALSE
	EndGlobalSection
	GlobalSection(ExtensibilityGlobals) = postSolution
		SolutionGuid = {54D419D3-B359-48A4-96DF-19223199CAA6}
	EndGlobalSection
EndGlobal
